{
  "name": "@nordinit/agent-hq",
  "version": "0.1.26",
  "lockfileVersion": 3,
  "requires": true,
  "packages": {
    "": {
      "name": "@nordinit/agent-hq",
      "version": "0.1.26",
      "license": "SEE LICENSE IN LICENSE",
      "bin": {
        "agent-hq": "cli/bin/cli.js"
      },
      "engines": {
        "node": ">=18"
      }
    }
  }
}
